// !$*UTF8*$!
{
	archiveVersion = 1;
	classes = {
	};
	objectVersion = 50;
	objects = {

/* Begin PBXBuildFile section */
		A7F0E994222F5C0F00E15169 /* HashTable.cpp in Sources */ = {isa = PBXBuildFile; fileRef = A7F0E98B222F5C0E00E15169 /* HashTable.cpp */; };
		A7F0E996222F5C2900E15169 /* main.cpp in Sources */ = {isa = PBXBuildFile; fileRef = A7F0E995222F5C2900E15169 /* main.cpp */; };
/* End PBXBuildFile section */

/* Begin PBXCopyFilesBuildPhase section */
		A7F0E978222F5BCE00E15169 /* CopyFiles */ = {
			isa = PBXCopyFilesBuildPhase;
			buildActionMask = 2147483647;
			dstPath = /usr/share/man/man1/;
			dstSubfolderSpec = 0;
			files = (
			);
			runOnlyForDeploymentPostprocessing = 1;
		};
/* End PBXCopyFilesBuildPhase section */

/* Begin PBXFileReference section */
		A7F0E97A222F5BCE00E15169 /* HW4 */ = {isa = PBXFileReference; explicitFileType = "compiled.mach-o.executable"; includeInIndex = 0; path = HW4; sourceTree = BUILT_PRODUCTS_DIR; };
		A7F0E984222F5C0E00E15169 /* data4commands.txt */ = {isa = PBXFileReference; fileEncoding = 4; lastKnownFileType = text; name = data4commands.txt; path = ../../data4commands.txt; sourceTree = "<group>"; };
		A7F0E985222F5C0E00E15169 /* Classic.h */ = {isa = PBXFileReference; fileEncoding = 4; lastKnownFileType = sourcecode.c.h; name = Classic.h; path = ../../Classic.h; sourceTree = "<group>"; };
		A7F0E986222F5C0E00E15169 /* HashTable.h */ = {isa = PBXFileReference; fileEncoding = 4; lastKnownFileType = sourcecode.c.h; name = HashTable.h; path = ../../HashTable.h; sourceTree = "<group>"; };
		A7F0E987222F5C0E00E15169 /* Media.h */ = {isa = PBXFileReference; fileEncoding = 4; lastKnownFileType = sourcecode.c.h; name = Media.h; path = ../../Media.h; sourceTree = "<group>"; };
		A7F0E988222F5C0E00E15169 /* Transaction.h */ = {isa = PBXFileReference; fileEncoding = 4; lastKnownFileType = sourcecode.c.h; name = Transaction.h; path = ../../Transaction.h; sourceTree = "<group>"; };
		A7F0E989222F5C0E00E15169 /* Account.h */ = {isa = PBXFileReference; fileEncoding = 4; lastKnownFileType = sourcecode.c.h; name = Account.h; path = ../../Account.h; sourceTree = "<group>"; };
		A7F0E98A222F5C0E00E15169 /* InventoryMgr.h */ = {isa = PBXFileReference; fileEncoding = 4; lastKnownFileType = sourcecode.c.h; name = InventoryMgr.h; path = ../../InventoryMgr.h; sourceTree = "<group>"; };
		A7F0E98B222F5C0E00E15169 /* HashTable.cpp */ = {isa = PBXFileReference; fileEncoding = 4; lastKnownFileType = sourcecode.cpp.cpp; name = HashTable.cpp; path = ../../HashTable.cpp; sourceTree = "<group>"; };
		A7F0E98C222F5C0E00E15169 /* data4movies.txt */ = {isa = PBXFileReference; fileEncoding = 4; lastKnownFileType = text; name = data4movies.txt; path = ../../data4movies.txt; sourceTree = "<group>"; };
		A7F0E98D222F5C0E00E15169 /* Comedy.h */ = {isa = PBXFileReference; fileEncoding = 4; lastKnownFileType = sourcecode.c.h; name = Comedy.h; path = ../../Comedy.h; sourceTree = "<group>"; };
		A7F0E98E222F5C0E00E15169 /* TransactionMgr.h */ = {isa = PBXFileReference; fileEncoding = 4; lastKnownFileType = sourcecode.c.h; name = TransactionMgr.h; path = ../../TransactionMgr.h; sourceTree = "<group>"; };
		A7F0E98F222F5C0F00E15169 /* Drama.h */ = {isa = PBXFileReference; fileEncoding = 4; lastKnownFileType = sourcecode.c.h; name = Drama.h; path = ../../Drama.h; sourceTree = "<group>"; };
		A7F0E990222F5C0F00E15169 /* Film.h */ = {isa = PBXFileReference; fileEncoding = 4; lastKnownFileType = sourcecode.c.h; name = Film.h; path = ../../Film.h; sourceTree = "<group>"; };
		A7F0E991222F5C0F00E15169 /* Store.h */ = {isa = PBXFileReference; fileEncoding = 4; lastKnownFileType = sourcecode.c.h; name = Store.h; path = ../../Store.h; sourceTree = "<group>"; };
		A7F0E992222F5C0F00E15169 /* data4customers.txt */ = {isa = PBXFileReference; fileEncoding = 4; lastKnownFileType = text; name = data4customers.txt; path = ../../data4customers.txt; sourceTree = "<group>"; };
		A7F0E993222F5C0F00E15169 /* AccountMgr.h */ = {isa = PBXFileReference; fileEncoding = 4; lastKnownFileType = sourcecode.c.h; name = AccountMgr.h; path = ../../AccountMgr.h; sourceTree = "<group>"; };
		A7F0E995222F5C2900E15169 /* main.cpp */ = {isa = PBXFileReference; fileEncoding = 4; lastKnownFileType = sourcecode.cpp.cpp; name = main.cpp; path = ../../main.cpp; sourceTree = "<group>"; };
/* End PBXFileReference section */

/* Begin PBXFrameworksBuildPhase section */
		A7F0E977222F5BCE00E15169 /* Frameworks */ = {
			isa = PBXFrameworksBuildPhase;
			buildActionMask = 2147483647;
			files = (
			);
			runOnlyForDeploymentPostprocessing = 0;
		};
/* End PBXFrameworksBuildPhase section */

/* Begin PBXGroup section */
		A7F0E971222F5BCE00E15169 = {
			isa = PBXGroup;
			children = (
				A7F0E97C222F5BCE00E15169 /* HW4 */,
				A7F0E97B222F5BCE00E15169 /* Products */,
			);
			sourceTree = "<group>";
		};
		A7F0E97B222F5BCE00E15169 /* Products */ = {
			isa = PBXGroup;
			children = (
				A7F0E97A222F5BCE00E15169 /* HW4 */,
			);
			name = Products;
			sourceTree = "<group>";
		};
		A7F0E97C222F5BCE00E15169 /* HW4 */ = {
			isa = PBXGroup;
			children = (
				A7F0E995222F5C2900E15169 /* main.cpp */,
				A7F0E989222F5C0E00E15169 /* Account.h */,
				A7F0E993222F5C0F00E15169 /* AccountMgr.h */,
				A7F0E985222F5C0E00E15169 /* Classic.h */,
				A7F0E98D222F5C0E00E15169 /* Comedy.h */,
				A7F0E984222F5C0E00E15169 /* data4commands.txt */,
				A7F0E992222F5C0F00E15169 /* data4customers.txt */,
				A7F0E98C222F5C0E00E15169 /* data4movies.txt */,
				A7F0E98F222F5C0F00E15169 /* Drama.h */,
				A7F0E990222F5C0F00E15169 /* Film.h */,
				A7F0E98B222F5C0E00E15169 /* HashTable.cpp */,
				A7F0E986222F5C0E00E15169 /* HashTable.h */,
				A7F0E98A222F5C0E00E15169 /* InventoryMgr.h */,
				A7F0E987222F5C0E00E15169 /* Media.h */,
				A7F0E991222F5C0F00E15169 /* Store.h */,
				A7F0E988222F5C0E00E15169 /* Transaction.h */,
				A7F0E98E222F5C0E00E15169 /* TransactionMgr.h */,
			);
			path = HW4;
			sourceTree = "<group>";
		};
/* End PBXGroup section */

/* Begin PBXNativeTarget section */
		A7F0E979222F5BCE00E15169 /* HW4 */ = {
			isa = PBXNativeTarget;
			buildConfigurationList = A7F0E981222F5BCE00E15169 /* Build configuration list for PBXNativeTarget "HW4" */;
			buildPhases = (
				A7F0E976222F5BCE00E15169 /* Sources */,
				A7F0E977222F5BCE00E15169 /* Frameworks */,
				A7F0E978222F5BCE00E15169 /* CopyFiles */,
			);
			buildRules = (
			);
			dependencies = (
			);
			name = HW4;
			productName = HW4;
			productReference = A7F0E97A222F5BCE00E15169 /* HW4 */;
			productType = "com.apple.product-type.tool";
		};
/* End PBXNativeTarget section */

/* Begin PBXProject section */
		A7F0E972222F5BCE00E15169 /* Project object */ = {
			isa = PBXProject;
			attributes = {
				LastUpgradeCheck = 1010;
				ORGANIZATIONNAME = "Tetsuya Hayashi";
				TargetAttributes = {
					A7F0E979222F5BCE00E15169 = {
						CreatedOnToolsVersion = 10.1;
					};
				};
			};
			buildConfigurationList = A7F0E975222F5BCE00E15169 /* Build configuration list for PBXProject "HW4" */;
			compatibilityVersion = "Xcode 9.3";
			developmentRegion = en;
			hasScannedForEncodings = 0;
			knownRegions = (
				en,
			);
			mainGroup = A7F0E971222F5BCE00E15169;
			productRefGroup = A7F0E97B222F5BCE00E15169 /* Products */;
			projectDirPath = "";
			projectRoot = "";
			targets = (
				A7F0E979222F5BCE00E15169 /* HW4 */,
			);
		};
/* End PBXProject section */

/* Begin PBXSourcesBuildPhase section */
		A7F0E976222F5BCE00E15169 /* Sources */ = {
			isa = PBXSourcesBuildPhase;
			buildActionMask = 2147483647;
			files = (
				A7F0E994222F5C0F00E15169 /* HashTable.cpp in Sources */,
				A7F0E996222F5C2900E15169 /* main.cpp in Sources */,
			);
			runOnlyForDeploymentPostprocessing = 0;
		};
/* End PBXSourcesBuildPhase section */

/* Begin XCBuildConfiguration section */
		A7F0E97F222F5BCE00E15169 /* Debug */ = {
			isa = XCBuildConfiguration;
			buildSettings = {
				ALWAYS_SEARCH_USER_PATHS = NO;
				CLANG_ANALYZER_NONNULL = YES;
				CLANG_ANALYZER_NUMBER_OBJECT_CONVERSION = YES_AGGRESSIVE;
				CLANG_CXX_LANGUAGE_STANDARD = "gnu++14";
				CLANG_CXX_LIBRARY = "libc++";
				CLANG_ENABLE_MODULES = YES;
				CLANG_ENABLE_OBJC_ARC = YES;
				CLANG_ENABLE_OBJC_WEAK = YES;
				CLANG_WARN_BLOCK_CAPTURE_AUTORELEASING = YES;
				CLANG_WARN_BOOL_CONVERSION = YES;
				CLANG_WARN_COMMA = YES;
				CLANG_WARN_CONSTANT_CONVERSION = YES;
				CLANG_WARN_DEPRECATED_OBJC_IMPLEMENTATIONS = YES;
				CLANG_WARN_DIRECT_OBJC_ISA_USAGE = YES_ERROR;
				CLANG_WARN_DOCUMENTATION_COMMENTS = YES;
				CLANG_WARN_EMPTY_BODY = YES;
				CLANG_WARN_ENUM_CONVERSION = YES;
				CLANG_WARN_INFINITE_RECURSION = YES;
				CLANG_WARN_INT_CONVERSION = YES;
				CLANG_WARN_NON_LITERAL_NULL_CONVERSION = YES;
				CLANG_WARN_OBJC_IMPLICIT_RETAIN_SELF = YES;
				CLANG_WARN_OBJC_LITERAL_CONVERSION = YES;
				CLANG_WARN_OBJC_ROOT_CLASS = YES_ERROR;
				CLANG_WARN_RANGE_LOOP_ANALYSIS = YES;
				CLANG_WARN_STRICT_PROTOTYPES = YES;
				CLANG_WARN_SUSPICIOUS_MOVE = YES;
				CLANG_WARN_UNGUARDED_AVAILABILITY = YES_AGGRESSIVE;
				CLANG_WARN_UNREACHABLE_CODE = YES;
				CLANG_WARN__DUPLICATE_METHOD_MATCH = YES;
				CODE_SIGN_IDENTITY = "-";
				COPY_PHASE_STRIP = NO;
				DEBUG_INFORMATION_FORMAT = dwarf;
				ENABLE_STRICT_OBJC_MSGSEND = YES;
				ENABLE_TESTABILITY = YES;
				GCC_C_LANGUAGE_STANDARD = gnu11;
				GCC_DYNAMIC_NO_PIC = NO;
				GCC_NO_COMMON_BLOCKS = YES;
				GCC_OPTIMIZATION_LEVEL = 0;
				GCC_PREPROCESSOR_DEFINITIONS = (
					"DEBUG=1",
					"$(inherited)",
				);
				GCC_WARN_64_TO_32_BIT_CONVERSION = YES;
				GCC_WARN_ABOUT_RETURN_TYPE = YES_ERROR;
				GCC_WARN_UNDECLARED_SELECTOR = YES;
				GCC_WARN_UNINITIALIZED_AUTOS = YES_AGGRESSIVE;
				GCC_WARN_UNUSED_FUNCTION = YES;
				GCC_WARN_UNUSED_VARIABLE = YES;
				MACOSX_DEPLOYMENT_TARGET = 10.14;
				MTL_ENABLE_DEBUG_INFO = INCLUDE_SOURCE;
				MTL_FAST_MATH = YES;
				ONLY_ACTIVE_ARCH = YES;
				SDKROOT = macosx;
			};
			name = Debug;
		};
		A7F0E980222F5BCE00E15169 /* Release */ = {
			isa = XCBuildConfiguration;
			buildSettings = {
				ALWAYS_SEARCH_USER_PATHS = NO;
				CLANG_ANALYZER_NONNULL = YES;
				CLANG_ANALYZER_NUMBER_OBJECT_CONVERSION = YES_AGGRESSIVE;
				CLANG_CXX_LANGUAGE_STANDARD = "gnu++14";
				CLANG_CXX_LIBRARY = "libc++";
				CLANG_ENABLE_MODULES = YES;
				CLANG_ENABLE_OBJC_ARC = YES;
				CLANG_ENABLE_OBJC_WEAK = YES;
				CLANG_WARN_BLOCK_CAPTURE_AUTORELEASING = YES;
				CLANG_WARN_BOOL_CONVERSION = YES;
				CLANG_WARN_COMMA = YES;
				CLANG_WARN_CONSTANT_CONVERSION = YES;
				CLANG_WARN_DEPRECATED_OBJC_IMPLEMENTATIONS = YES;
				CLANG_WARN_DIRECT_OBJC_ISA_USAGE = YES_ERROR;
				CLANG_WARN_DOCUMENTATION_COMMENTS = YES;
				CLANG_WARN_EMPTY_BODY = YES;
				CLANG_WARN_ENUM_CONVERSION = YES;
				CLANG_WARN_INFINITE_RECURSION = YES;
				CLANG_WARN_INT_CONVERSION = YES;
				CLANG_WARN_NON_LITERAL_NULL_CONVERSION = YES;
				CLANG_WARN_OBJC_IMPLICIT_RETAIN_SELF = YES;
				CLANG_WARN_OBJC_LITERAL_CONVERSION = YES;
				CLANG_WARN_OBJC_ROOT_CLASS = YES_ERROR;
				CLANG_WARN_RANGE_LOOP_ANALYSIS = YES;
				CLANG_WARN_STRICT_PROTOTYPES = YES;
				CLANG_WARN_SUSPICIOUS_MOVE = YES;
				CLANG_WARN_UNGUARDED_AVAILABILITY = YES_AGGRESSIVE;
				CLANG_WARN_UNREACHABLE_CODE = YES;
				CLANG_WARN__DUPLICATE_METHOD_MATCH = YES;
				CODE_SIGN_IDENTITY = "-";
				COPY_PHASE_STRIP = NO;
				DEBUG_INFORMATION_FORMAT = "dwarf-with-dsym";
				ENABLE_NS_ASSERTIONS = NO;
				ENABLE_STRICT_OBJC_MSGSEND = YES;
				GCC_C_LANGUAGE_STANDARD = gnu11;
				GCC_NO_COMMON_BLOCKS = YES;
				GCC_WARN_64_TO_32_BIT_CONVERSION = YES;
				GCC_WARN_ABOUT_RETURN_TYPE = YES_ERROR;
				GCC_WARN_UNDECLARED_SELECTOR = YES;
				GCC_WARN_UNINITIALIZED_AUTOS = YES_AGGRESSIVE;
				GCC_WARN_UNUSED_FUNCTION = YES;
				GCC_WARN_UNUSED_VARIABLE = YES;
				MACOSX_DEPLOYMENT_TARGET = 10.14;
				MTL_ENABLE_DEBUG_INFO = NO;
				MTL_FAST_MATH = YES;
				SDKROOT = macosx;
			};
			name = Release;
		};
		A7F0E982222F5BCE00E15169 /* Debug */ = {
			isa = XCBuildConfiguration;
			buildSettings = {
				CODE_SIGN_STYLE = Automatic;
				PRODUCT_NAME = "$(TARGET_NAME)";
			};
			name = Debug;
		};
		A7F0E983222F5BCE00E15169 /* Release */ = {
			isa = XCBuildConfiguration;
			buildSettings = {
				CODE_SIGN_STYLE = Automatic;
				PRODUCT_NAME = "$(TARGET_NAME)";
			};
			name = Release;
		};
/* End XCBuildConfiguration section */

/* Begin XCConfigurationList section */
		A7F0E975222F5BCE00E15169 /* Build configuration list for PBXProject "HW4" */ = {
			isa = XCConfigurationList;
			buildConfigurations = (
				A7F0E97F222F5BCE00E15169 /* Debug */,
				A7F0E980222F5BCE00E15169 /* Release */,
			);
			defaultConfigurationIsVisible = 0;
			defaultConfigurationName = Release;
		};
		A7F0E981222F5BCE00E15169 /* Build configuration list for PBXNativeTarget "HW4" */ = {
			isa = XCConfigurationList;
			buildConfigurations = (
				A7F0E982222F5BCE00E15169 /* Debug */,
				A7F0E983222F5BCE00E15169 /* Release */,
			);
			defaultConfigurationIsVisible = 0;
			defaultConfigurationName = Release;
		};
/* End XCConfigurationList section */
	};
	rootObject = A7F0E972222F5BCE00E15169 /* Project object */;
}
